
Microsoft Visual Studio Solution File, Format Version 12.00
# Visual Studio Version 17
VisualStudioVersion = 17.10.35027.167
MinimumVisualStudioVersion = 10.0.40219.1
Project("{F2A71F9B-5D33-465A-A702-920D77279786}") = "lab4", "lab4.fsproj", "{20AA6560-59A9-4FEA-B014-7F00E4B7E924}"
EndProject
Global
	GlobalSection(SolutionConfigurationPlatforms) = preSolution
		Debug|Any CPU = Debug|Any CPU
		Release|Any CPU = Release|Any CPU
	EndGlobalSection
	GlobalSection(ProjectConfigurationPlatforms) = postSolution
		{20AA6560-59A9-4FEA-B014-7F00E4B7E924}.Debug|Any CPU.ActiveCfg = Debug|Any CPU
		{20AA6560-59A9-4FEA-B014-7F00E4B7E924}.Debug|Any CPU.Build.0 = Debug|Any CPU
		{20AA6560-59A9-4FEA-B014-7F00E4B7E924}.Release|Any CPU.ActiveCfg = Release|Any CPU
		{20AA6560-59A9-4FEA-B014-7F00E4B7E924}.Release|Any CPU.Build.0 = Release|Any CPU
	EndGlobalSection
	GlobalSection(SolutionProperties) = preSolution
		HideSolutionNode = FALSE
	EndGlobalSection
	GlobalSection(ExtensibilityGlobals) = postSolution
		SolutionGuid = {A4C1442A-0133-444E-BD9C-97C2DAC4CE82}
	EndGlobalSection
EndGlobal
