
Microsoft Visual Studio Solution File, Format Version 12.00
# Visual Studio Version 17
VisualStudioVersion = 17.10.35027.167
MinimumVisualStudioVersion = 10.0.40219.1
Project("{F2A71F9B-5D33-465A-A702-920D77279786}") = "lab5", "lab5.fsproj", "{A61C3981-0632-4EAE-818C-ADABBEC02C75}"
EndProject
Global
	GlobalSection(SolutionConfigurationPlatforms) = preSolution
		Debug|Any CPU = Debug|Any CPU
		Release|Any CPU = Release|Any CPU
	EndGlobalSection
	GlobalSection(ProjectConfigurationPlatforms) = postSolution
		{A61C3981-0632-4EAE-818C-ADABBEC02C75}.Debug|Any CPU.ActiveCfg = Debug|Any CPU
		{A61C3981-0632-4EAE-818C-ADABBEC02C75}.Debug|Any CPU.Build.0 = Debug|Any CPU
		{A61C3981-0632-4EAE-818C-ADABBEC02C75}.Release|Any CPU.ActiveCfg = Release|Any CPU
		{A61C3981-0632-4EAE-818C-ADABBEC02C75}.Release|Any CPU.Build.0 = Release|Any CPU
	EndGlobalSection
	GlobalSection(SolutionProperties) = preSolution
		HideSolutionNode = FALSE
	EndGlobalSection
	GlobalSection(ExtensibilityGlobals) = postSolution
		SolutionGuid = {AEA9AB31-007A-4A7B-B767-48389FAEB714}
	EndGlobalSection
EndGlobal
